
Microsoft Visual Studio Solution File, Format Version 12.00
# Visual Studio Version 16
VisualStudioVersion = 16.0.31005.135
MinimumVisualStudioVersion = 10.0.40219.1
Project("{FAE04EC0-301F-11D3-BF4B-00C04F79EFBC}") = "ConsoleaAppfForGit", "ConsoleaAppfForGit\ConsoleaAppfForGit.csproj", "{FE5E3DA0-6D33-46FF-9128-5C36FBFBF908}"
EndProject
Global
	GlobalSection(SolutionConfigurationPlatforms) = preSolution
		Debug|Any CPU = Debug|Any CPU
		Release|Any CPU = Release|Any CPU
	EndGlobalSection
	GlobalSection(ProjectConfigurationPlatforms) = postSolution
		{FE5E3DA0-6D33-46FF-9128-5C36FBFBF908}.Debug|Any CPU.ActiveCfg = Debug|Any CPU
		{FE5E3DA0-6D33-46FF-9128-5C36FBFBF908}.Debug|Any CPU.Build.0 = Debug|Any CPU
		{FE5E3DA0-6D33-46FF-9128-5C36FBFBF908}.Release|Any CPU.ActiveCfg = Release|Any CPU
		{FE5E3DA0-6D33-46FF-9128-5C36FBFBF908}.Release|Any CPU.Build.0 = Release|Any CPU
	EndGlobalSection
	GlobalSection(SolutionProperties) = preSolution
		HideSolutionNode = FALSE
	EndGlobalSection
	GlobalSection(ExtensibilityGlobals) = postSolution
		SolutionGuid = {16B7F1CF-C3F5-4D22-AD00-E5F8E4336404}
	EndGlobalSection
EndGlobal
